
Microsoft Visual Studio Solution File, Format Version 12.00
# Visual Studio 15
VisualStudioVersion = 15.0.27004.2002
MinimumVisualStudioVersion = 10.0.40219.1
Project("{FAE04EC0-301F-11D3-BF4B-00C04F79EFBC}") = "PZ1", "PZ1\PZ1.csproj", "{35CDC77C-C045-4A8C-8DA9-A3DBCD1448E7}"
EndProject
Global
	GlobalSection(SolutionConfigurationPlatforms) = preSolution
		Debug|Any CPU = Debug|Any CPU
		Release|Any CPU = Release|Any CPU
	EndGlobalSection
	GlobalSection(ProjectConfigurationPlatforms) = postSolution
		{35CDC77C-C045-4A8C-8DA9-A3DBCD1448E7}.Debug|Any CPU.ActiveCfg = Debug|Any CPU
		{35CDC77C-C045-4A8C-8DA9-A3DBCD1448E7}.Debug|Any CPU.Build.0 = Debug|Any CPU
		{35CDC77C-C045-4A8C-8DA9-A3DBCD1448E7}.Release|Any CPU.ActiveCfg = Release|Any CPU
		{35CDC77C-C045-4A8C-8DA9-A3DBCD1448E7}.Release|Any CPU.Build.0 = Release|Any CPU
	EndGlobalSection
	GlobalSection(SolutionProperties) = preSolution
		HideSolutionNode = FALSE
	EndGlobalSection
	GlobalSection(ExtensibilityGlobals) = postSolution
		SolutionGuid = {E5D683AA-1F4F-475C-85A9-D97161D135CB}
	EndGlobalSection
EndGlobal
